<?xml version="1.0" encoding="utf-8"?>
<Project ToolsVersion="4.0" xmlns="http://schemas.microsoft.com/developer/msbuild/2003">
  <ItemGroup>
    <Filter Include="Arquivos de Origem">
      <UniqueIdentifier>{4FC737F1-C7A5-4376-A066-2A32D752A2FF}</UniqueIdentifier>
      <Extensions>cpp;c;cc;cxx;c++;cppm;ixx;def;odl;idl;hpj;bat;asm;asmx</Extensions>
    </Filter>
    <Filter Include="Arquivos de Cabeçalho">
      <UniqueIdentifier>{93995380-89BD-4b04-88EB-625FBE52EBFB}</UniqueIdentifier>
      <Extensions>h;hh;hpp;hxx;h++;hm;inl;inc;ipp;xsd</Extensions>
    </Filter>
    <Filter Include="Arquivos de Recurso">
      <UniqueIdentifier>{67DA6AB6-F800-4c08-8B7A-83BB121AAD01}</UniqueIdentifier>
      <Extensions>rc;ico;cur;bmp;dlg;rc2;rct;bin;rgs;gif;jpg;jpeg;jpe;resx;tiff;tif;png;wav;mfcribbon-ms</Extensions>
    </Filter>
  </ItemGroup>
  <ItemGroup>
    <ClCompile Include="ia_aed.cpp">
      <Filter>Arquivos de Origem</Filter>
    </ClCompile>
    <ClCompile Include="robot-master\Source\Bounds.cc">
      <Filter>Arquivos de Origem</Filter>
    </ClCompile>
    <ClCompile Include="robot-master\Source\Clipboard.cc">
      <Filter>Arquivos de Origem</Filter>
    </ClCompile>
    <ClCompile Include="robot-master\Source\Color.cc">
      <Filter>Arquivos de Origem</Filter>
    </ClCompile>
    <ClCompile Include="robot-master\Source\Hash.cc">
      <Filter>Arquivos de Origem</Filter>
    </ClCompile>
    <ClCompile Include="robot-master\Source\Image.cc">
      <Filter>Arquivos de Origem</Filter>
    </ClCompile>
    <ClCompile Include="robot-master\Source\Keyboard.cc">
      <Filter>Arquivos de Origem</Filter>
    </ClCompile>
    <ClCompile Include="robot-master\Source\Memory.cc">
      <Filter>Arquivos de Origem</Filter>
    </ClCompile>
    <ClCompile Include="robot-master\Source\Module.cc">
      <Filter>Arquivos de Origem</Filter>
    </ClCompile>
    <ClCompile Include="robot-master\Source\Mouse.cc">
      <Filter>Arquivos de Origem</Filter>
    </ClCompile>
    <ClCompile Include="robot-master\Source\Point.cc">
      <Filter>Arquivos de Origem</Filter>
    </ClCompile>
    <ClCompile Include="robot-master\Source\Process.cc">
      <Filter>Arquivos de Origem</Filter>
    </ClCompile>
    <ClCompile Include="robot-master\Source\Range.cc">
      <Filter>Arquivos de Origem</Filter>
    </ClCompile>
    <ClCompile Include="robot-master\Source\Screen.cc">
      <Filter>Arquivos de Origem</Filter>
    </ClCompile>
    <ClCompile Include="robot-master\Source\Size.cc">
      <Filter>Arquivos de Origem</Filter>
    </ClCompile>
    <ClCompile Include="robot-master\Source\Timer.cc">
      <Filter>Arquivos de Origem</Filter>
    </ClCompile>
    <ClCompile Include="robot-master\Source\Window.cc">
      <Filter>Arquivos de Origem</Filter>
    </ClCompile>
  </ItemGroup>
  <ItemGroup>
    <ClInclude Include="robot-master\Source\Bounds.h">
      <Filter>Arquivos de Origem</Filter>
    </ClInclude>
    <ClInclude Include="robot-master\Source\Clipboard.h">
      <Filter>Arquivos de Origem</Filter>
    </ClInclude>
    <ClInclude Include="robot-master\Source\Color.h">
      <Filter>Arquivos de Origem</Filter>
    </ClInclude>
    <ClInclude Include="robot-master\Source\Enum.h">
      <Filter>Arquivos de Origem</Filter>
    </ClInclude>
    <ClInclude Include="robot-master\Source\Global.h">
      <Filter>Arquivos de Origem</Filter>
    </ClInclude>
    <ClInclude Include="robot-master\Source\Hash.h">
      <Filter>Arquivos de Origem</Filter>
    </ClInclude>
    <ClInclude Include="robot-master\Source\Image.h">
      <Filter>Arquivos de Origem</Filter>
    </ClInclude>
    <ClInclude Include="robot-master\Source\Keyboard.h">
      <Filter>Arquivos de Origem</Filter>
    </ClInclude>
    <ClInclude Include="robot-master\Source\Memory.h">
      <Filter>Arquivos de Origem</Filter>
    </ClInclude>
    <ClInclude Include="robot-master\Source\Module.h">
      <Filter>Arquivos de Origem</Filter>
    </ClInclude>
    <ClInclude Include="robot-master\Source\Mouse.h">
      <Filter>Arquivos de Origem</Filter>
    </ClInclude>
    <ClInclude Include="robot-master\Source\Point.h">
      <Filter>Arquivos de Origem</Filter>
    </ClInclude>
    <ClInclude Include="robot-master\Source\Process.h">
      <Filter>Arquivos de Origem</Filter>
    </ClInclude>
    <ClInclude Include="robot-master\Source\Range.h">
      <Filter>Arquivos de Origem</Filter>
    </ClInclude>
    <ClInclude Include="robot-master\Source\Robot.h">
      <Filter>Arquivos de Origem</Filter>
    </ClInclude>
    <ClInclude Include="robot-master\Source\Screen.h">
      <Filter>Arquivos de Origem</Filter>
    </ClInclude>
    <ClInclude Include="robot-master\Source\Size.h">
      <Filter>Arquivos de Origem</Filter>
    </ClInclude>
    <ClInclude Include="robot-master\Source\Timer.h">
      <Filter>Arquivos de Origem</Filter>
    </ClInclude>
    <ClInclude Include="robot-master\Source\Types.h">
      <Filter>Arquivos de Origem</Filter>
    </ClInclude>
    <ClInclude Include="robot-master\Source\Window.h">
      <Filter>Arquivos de Origem</Filter>
    </ClInclude>
  </ItemGroup>
  <ItemGroup>
    <None Include="robot-master\Source\Makefile">
      <Filter>Arquivos de Origem</Filter>
    </None>
    <None Include="robot-master\Source\Robot.vs10.vcxproj">
      <Filter>Arquivos de Origem</Filter>
    </None>
    <None Include="robot-master\Source\Robot.vs10.vcxproj.filters">
      <Filter>Arquivos de Origem</Filter>
    </None>
    <None Include="robot-master\Source\Robot.vs12.vcxproj">
      <Filter>Arquivos de Origem</Filter>
    </None>
    <None Include="robot-master\Source\Robot.vs12.vcxproj.filters">
      <Filter>Arquivos de Origem</Filter>
    </None>
    <None Include="robot-master\Source\Robot.vs13.vcxproj">
      <Filter>Arquivos de Origem</Filter>
    </None>
    <None Include="robot-master\Source\Robot.vs13.vcxproj.filters">
      <Filter>Arquivos de Origem</Filter>
    </None>
    <None Include="robot-master\Source\Robot.vs15.vcxproj">
      <Filter>Arquivos de Origem</Filter>
    </None>
    <None Include="robot-master\Source\Robot.vs15.vcxproj.filters">
      <Filter>Arquivos de Origem</Filter>
    </None>
    <None Include="packages.config" />
  </ItemGroup>
</Project>